
Microsoft Visual Studio Solution File, Format Version 12.00
# Visual Studio Version 17
VisualStudioVersion = 17.0.31903.59
MinimumVisualStudioVersion = 10.0.40219.1
Project("{FAE04EC0-301F-11D3-BF4B-00C04F79EFBC}") = "AtlasAcademy.Api", "AtlasAcademy.Api\AtlasAcademy.Api.csproj", "{3EA1BE57-E0C0-4FFD-BB64-B4B01B8A6D5A}"
EndProject
Project("{FAE04EC0-301F-11D3-BF4B-00C04F79EFBC}") = "AtlasAcademy.Tests", "AtlasAcademy.Tests\AtlasAcademy.Tests.csproj", "{09986034-9C00-47DE-A149-D91E964DE8B0}"
EndProject
Global
	GlobalSection(SolutionConfigurationPlatforms) = preSolution
		Debug|Any CPU = Debug|Any CPU
		Debug|x64 = Debug|x64
		Debug|x86 = Debug|x86
		Release|Any CPU = Release|Any CPU
		Release|x64 = Release|x64
		Release|x86 = Release|x86
	EndGlobalSection
	GlobalSection(ProjectConfigurationPlatforms) = postSolution
		{3EA1BE57-E0C0-4FFD-BB64-B4B01B8A6D5A}.Debug|Any CPU.ActiveCfg = Debug|Any CPU
		{3EA1BE57-E0C0-4FFD-BB64-B4B01B8A6D5A}.Debug|Any CPU.Build.0 = Debug|Any CPU
		{3EA1BE57-E0C0-4FFD-BB64-B4B01B8A6D5A}.Debug|x64.ActiveCfg = Debug|Any CPU
		{3EA1BE57-E0C0-4FFD-BB64-B4B01B8A6D5A}.Debug|x64.Build.0 = Debug|Any CPU
		{3EA1BE57-E0C0-4FFD-BB64-B4B01B8A6D5A}.Debug|x86.ActiveCfg = Debug|Any CPU
		{3EA1BE57-E0C0-4FFD-BB64-B4B01B8A6D5A}.Debug|x86.Build.0 = Debug|Any CPU
		{3EA1BE57-E0C0-4FFD-BB64-B4B01B8A6D5A}.Release|Any CPU.ActiveCfg = Release|Any CPU
		{3EA1BE57-E0C0-4FFD-BB64-B4B01B8A6D5A}.Release|Any CPU.Build.0 = Release|Any CPU
		{3EA1BE57-E0C0-4FFD-BB64-B4B01B8A6D5A}.Release|x64.ActiveCfg = Release|Any CPU
		{3EA1BE57-E0C0-4FFD-BB64-B4B01B8A6D5A}.Release|x64.Build.0 = Release|Any CPU
		{3EA1BE57-E0C0-4FFD-BB64-B4B01B8A6D5A}.Release|x86.ActiveCfg = Release|Any CPU
		{3EA1BE57-E0C0-4FFD-BB64-B4B01B8A6D5A}.Release|x86.Build.0 = Release|Any CPU
		{09986034-9C00-47DE-A149-D91E964DE8B0}.Debug|Any CPU.ActiveCfg = Debug|Any CPU
		{09986034-9C00-47DE-A149-D91E964DE8B0}.Debug|Any CPU.Build.0 = Debug|Any CPU
		{09986034-9C00-47DE-A149-D91E964DE8B0}.Debug|x64.ActiveCfg = Debug|Any CPU
		{09986034-9C00-47DE-A149-D91E964DE8B0}.Debug|x64.Build.0 = Debug|Any CPU
		{09986034-9C00-47DE-A149-D91E964DE8B0}.Debug|x86.ActiveCfg = Debug|Any CPU
		{09986034-9C00-47DE-A149-D91E964DE8B0}.Debug|x86.Build.0 = Debug|Any CPU
		{09986034-9C00-47DE-A149-D91E964DE8B0}.Release|Any CPU.ActiveCfg = Release|Any CPU
		{09986034-9C00-47DE-A149-D91E964DE8B0}.Release|Any CPU.Build.0 = Release|Any CPU
		{09986034-9C00-47DE-A149-D91E964DE8B0}.Release|x64.ActiveCfg = Release|Any CPU
		{09986034-9C00-47DE-A149-D91E964DE8B0}.Release|x64.Build.0 = Release|Any CPU
		{09986034-9C00-47DE-A149-D91E964DE8B0}.Release|x86.ActiveCfg = Release|Any CPU
		{09986034-9C00-47DE-A149-D91E964DE8B0}.Release|x86.Build.0 = Release|Any CPU
	EndGlobalSection
	GlobalSection(SolutionProperties) = preSolution
		HideSolutionNode = FALSE
	EndGlobalSection
EndGlobal
